
Microsoft Visual Studio Solution File, Format Version 12.00
# Visual Studio Version 16
VisualStudioVersion = 16.0.33328.57
MinimumVisualStudioVersion = 10.0.40219.1
Project("{8BC9CEB8-8B4A-11D0-8D11-00A0C91BC942}") = "vsync blurbusters", "vsync blurbusters\vsync blurbusters.vcxproj", "{5A771EF7-88C3-49F4-B4B7-A99DE59841DA}"
EndProject
Global
	GlobalSection(SolutionConfigurationPlatforms) = preSolution
		Debug|x64 = Debug|x64
		Debug|x86 = Debug|x86
		Release|x64 = Release|x64
		Release|x86 = Release|x86
	EndGlobalSection
	GlobalSection(ProjectConfigurationPlatforms) = postSolution
		{5A771EF7-88C3-49F4-B4B7-A99DE59841DA}.Debug|x64.ActiveCfg = Debug|x64
		{5A771EF7-88C3-49F4-B4B7-A99DE59841DA}.Debug|x64.Build.0 = Debug|x64
		{5A771EF7-88C3-49F4-B4B7-A99DE59841DA}.Debug|x86.ActiveCfg = Debug|Win32
		{5A771EF7-88C3-49F4-B4B7-A99DE59841DA}.Debug|x86.Build.0 = Debug|Win32
		{5A771EF7-88C3-49F4-B4B7-A99DE59841DA}.Release|x64.ActiveCfg = Release|x64
		{5A771EF7-88C3-49F4-B4B7-A99DE59841DA}.Release|x64.Build.0 = Release|x64
		{5A771EF7-88C3-49F4-B4B7-A99DE59841DA}.Release|x86.ActiveCfg = Release|Win32
		{5A771EF7-88C3-49F4-B4B7-A99DE59841DA}.Release|x86.Build.0 = Release|Win32
	EndGlobalSection
	GlobalSection(SolutionProperties) = preSolution
		HideSolutionNode = FALSE
	EndGlobalSection
	GlobalSection(ExtensibilityGlobals) = postSolution
		SolutionGuid = {43CD7D4F-2B86-4BCA-9473-6C189C71A598}
	EndGlobalSection
EndGlobal
